
Microsoft Visual Studio Solution File, Format Version 12.00
# Visual Studio Version 17
VisualStudioVersion = 17.1.32414.318
MinimumVisualStudioVersion = 10.0.40219.1
Project("{FAE04EC0-301F-11D3-BF4B-00C04F79EFBC}") = "WebServiceWithDb", "WebServiceWithDb\WebServiceWithDb.csproj", "{42A7F810-59D2-494E-A928-4DB35BBF6425}"
EndProject
Global
	GlobalSection(SolutionConfigurationPlatforms) = preSolution
		Debug|Any CPU = Debug|Any CPU
		Release|Any CPU = Release|Any CPU
	EndGlobalSection
	GlobalSection(ProjectConfigurationPlatforms) = postSolution
		{42A7F810-59D2-494E-A928-4DB35BBF6425}.Debug|Any CPU.ActiveCfg = Debug|Any CPU
		{42A7F810-59D2-494E-A928-4DB35BBF6425}.Debug|Any CPU.Build.0 = Debug|Any CPU
		{42A7F810-59D2-494E-A928-4DB35BBF6425}.Release|Any CPU.ActiveCfg = Release|Any CPU
		{42A7F810-59D2-494E-A928-4DB35BBF6425}.Release|Any CPU.Build.0 = Release|Any CPU
	EndGlobalSection
	GlobalSection(SolutionProperties) = preSolution
		HideSolutionNode = FALSE
	EndGlobalSection
	GlobalSection(ExtensibilityGlobals) = postSolution
		SolutionGuid = {9B5E66F9-B425-4127-813E-4C373C20ED88}
	EndGlobalSection
EndGlobal
